
Microsoft Visual Studio Solution File, Format Version 12.00
# Visual Studio Version 16
VisualStudioVersion = 16.0.30717.126
MinimumVisualStudioVersion = 10.0.40219.1
Project("{FAE04EC0-301F-11D3-BF4B-00C04F79EFBC}") = "CdbCalculatorAPI", "CdbCalculatorAPI.csproj", "{13206B7A-3C1F-4859-8181-FE6413FACB47}"
EndProject
Project("{FAE04EC0-301F-11D3-BF4B-00C04F79EFBC}") = "CdbCalculatorTest", "..\CdbCalculatorTest\CdbCalculatorTest.csproj", "{F9108119-0A10-4985-81F7-A0982EF26421}"
EndProject
Project("{E24C65DC-7377-472B-9ABA-BC803B73C61A}") = "cdb-calculator-frontend", "cdb-calculator-frontend\", "{CC266ACF-C6AF-4A3D-88C8-E533E9EC8CE9}"
	ProjectSection(WebsiteProperties) = preProject
		TargetFrameworkMoniker = ".NETFramework,Version%3Dv4.0"
		Debug.AspNetCompiler.VirtualPath = "/localhost_57826"
		Debug.AspNetCompiler.PhysicalPath = "cdb-calculator-frontend\"
		Debug.AspNetCompiler.TargetPath = "PrecompiledWeb\localhost_57826\"
		Debug.AspNetCompiler.Updateable = "true"
		Debug.AspNetCompiler.ForceOverwrite = "true"
		Debug.AspNetCompiler.FixedNames = "false"
		Debug.AspNetCompiler.Debug = "True"
		Release.AspNetCompiler.VirtualPath = "/localhost_57826"
		Release.AspNetCompiler.PhysicalPath = "cdb-calculator-frontend\"
		Release.AspNetCompiler.TargetPath = "PrecompiledWeb\localhost_57826\"
		Release.AspNetCompiler.Updateable = "true"
		Release.AspNetCompiler.ForceOverwrite = "true"
		Release.AspNetCompiler.FixedNames = "false"
		Release.AspNetCompiler.Debug = "False"
		VWDPort = "57826"
		SlnRelativePath = "cdb-calculator-frontend\"
	EndProjectSection
EndProject
Global
	GlobalSection(SolutionConfigurationPlatforms) = preSolution
		Debug|Any CPU = Debug|Any CPU
		Release|Any CPU = Release|Any CPU
	EndGlobalSection
	GlobalSection(ProjectConfigurationPlatforms) = postSolution
		{13206B7A-3C1F-4859-8181-FE6413FACB47}.Debug|Any CPU.ActiveCfg = Debug|Any CPU
		{13206B7A-3C1F-4859-8181-FE6413FACB47}.Debug|Any CPU.Build.0 = Debug|Any CPU
		{13206B7A-3C1F-4859-8181-FE6413FACB47}.Release|Any CPU.ActiveCfg = Release|Any CPU
		{13206B7A-3C1F-4859-8181-FE6413FACB47}.Release|Any CPU.Build.0 = Release|Any CPU
		{F9108119-0A10-4985-81F7-A0982EF26421}.Debug|Any CPU.ActiveCfg = Debug|Any CPU
		{F9108119-0A10-4985-81F7-A0982EF26421}.Debug|Any CPU.Build.0 = Debug|Any CPU
		{F9108119-0A10-4985-81F7-A0982EF26421}.Release|Any CPU.ActiveCfg = Release|Any CPU
		{F9108119-0A10-4985-81F7-A0982EF26421}.Release|Any CPU.Build.0 = Release|Any CPU
		{CC266ACF-C6AF-4A3D-88C8-E533E9EC8CE9}.Debug|Any CPU.ActiveCfg = Debug|Any CPU
		{CC266ACF-C6AF-4A3D-88C8-E533E9EC8CE9}.Debug|Any CPU.Build.0 = Debug|Any CPU
		{CC266ACF-C6AF-4A3D-88C8-E533E9EC8CE9}.Release|Any CPU.ActiveCfg = Debug|Any CPU
		{CC266ACF-C6AF-4A3D-88C8-E533E9EC8CE9}.Release|Any CPU.Build.0 = Debug|Any CPU
	EndGlobalSection
	GlobalSection(SolutionProperties) = preSolution
		HideSolutionNode = FALSE
	EndGlobalSection
	GlobalSection(ExtensibilityGlobals) = postSolution
		SolutionGuid = {7B64CF1A-416A-4257-9B08-6F0CC99FDE45}
	EndGlobalSection
EndGlobal
